
Microsoft Visual Studio Solution File, Format Version 12.00
# Visual Studio 15
VisualStudioVersion = 15.0.27130.2020
MinimumVisualStudioVersion = 10.0.40219.1
Project("{888888A0-9F3D-457C-B088-3A5042F75D52}") = "easup_group", "easup_group\easup_group.pyproj", "{3C08722D-CCDE-4A85-B64D-0F05AF6C614D}"
EndProject
Project("{888888A0-9F3D-457C-B088-3A5042F75D52}") = "easup_client", "easup_client\easup_client\easup_client.pyproj", "{5227F8C9-F9DE-4C1E-826D-16CAD9AED788}"
EndProject
Project("{888888A0-9F3D-457C-B088-3A5042F75D52}") = "easup_dealer", "easup_dealer\easup_dealer\easup_dealer.pyproj", "{E1E75899-A3BE-4DD3-8C7E-5B25D84DDF1D}"
EndProject
Global
	GlobalSection(SolutionConfigurationPlatforms) = preSolution
		Debug|Any CPU = Debug|Any CPU
		Release|Any CPU = Release|Any CPU
	EndGlobalSection
	GlobalSection(ProjectConfigurationPlatforms) = postSolution
		{3C08722D-CCDE-4A85-B64D-0F05AF6C614D}.Debug|Any CPU.ActiveCfg = Debug|Any CPU
		{3C08722D-CCDE-4A85-B64D-0F05AF6C614D}.Release|Any CPU.ActiveCfg = Release|Any CPU
		{5227F8C9-F9DE-4C1E-826D-16CAD9AED788}.Debug|Any CPU.ActiveCfg = Debug|Any CPU
		{5227F8C9-F9DE-4C1E-826D-16CAD9AED788}.Release|Any CPU.ActiveCfg = Release|Any CPU
		{E1E75899-A3BE-4DD3-8C7E-5B25D84DDF1D}.Debug|Any CPU.ActiveCfg = Debug|Any CPU
		{E1E75899-A3BE-4DD3-8C7E-5B25D84DDF1D}.Release|Any CPU.ActiveCfg = Release|Any CPU
	EndGlobalSection
	GlobalSection(SolutionProperties) = preSolution
		HideSolutionNode = FALSE
	EndGlobalSection
	GlobalSection(ExtensibilityGlobals) = postSolution
		SolutionGuid = {5BF3E40A-E8FA-4FD5-B06C-D05BE50BBF89}
	EndGlobalSection
EndGlobal
